{
  "name": "163-music-mobile",
  "version": "1.0.0",
  "lockfileVersion": 1,
  "requires": true,
  "dependencies": {
    "cos-js-sdk-v5": {
      "version": "0.5.7",
      "resolved": "http://registry.npm.taobao.org/cos-js-sdk-v5/download/cos-js-sdk-v5-0.5.7.tgz",
      "integrity": "sha1-f6h5/d5BgXc6mdtpz2VwYy27FpY=",
      "requires": {
        "xmldom": "^0.1.27"
      }
    },
    "xmldom": {
      "version": "0.1.27",
      "resolved": "http://registry.npm.taobao.org/xmldom/download/xmldom-0.1.27.tgz",
      "integrity": "sha1-1QH5ezvbQDr4757MIFcxh6rawOk="
    }
  }
}
